// !$*UTF8*$!
{
	archiveVersion = 1;
	classes = {
	};
	objectVersion = 46;
	objects = {

/* Begin PBXBuildFile section */
		6384F6501B29F2B600A5CFFC /* main.m in Sources */ = {isa = PBXBuildFile; fileRef = 6384F64F1B29F2B600A5CFFC /* main.m */; };
		6384F6531B29F2B600A5CFFC /* AppDelegate.m in Sources */ = {isa = PBXBuildFile; fileRef = 6384F6521B29F2B600A5CFFC /* AppDelegate.m */; };
		6384F6561B29F2B600A5CFFC /* ViewController.m in Sources */ = {isa = PBXBuildFile; fileRef = 6384F6551B29F2B600A5CFFC /* ViewController.m */; };
		6384F6591B29F2B600A5CFFC /* Main.storyboard in Resources */ = {isa = PBXBuildFile; fileRef = 6384F6571B29F2B600A5CFFC /* Main.storyboard */; };
		6384F65B1B29F2B600A5CFFC /* Images.xcassets in Resources */ = {isa = PBXBuildFile; fileRef = 6384F65A1B29F2B600A5CFFC /* Images.xcassets */; };
		6384F65E1B29F2B600A5CFFC /* LaunchScreen.xib in Resources */ = {isa = PBXBuildFile; fileRef = 6384F65C1B29F2B600A5CFFC /* LaunchScreen.xib */; };
		6384F66A1B29F2B600A5CFFC /* AutoLayoutInCellTests.m in Sources */ = {isa = PBXBuildFile; fileRef = 6384F6691B29F2B600A5CFFC /* AutoLayoutInCellTests.m */; };
		6384F6751B29F43F00A5CFFC /* TableViewCell.m in Sources */ = {isa = PBXBuildFile; fileRef = 6384F6741B29F43F00A5CFFC /* TableViewCell.m */; };
		6384F6781B29F4D600A5CFFC /* Model.m in Sources */ = {isa = PBXBuildFile; fileRef = 6384F6771B29F4D600A5CFFC /* Model.m */; };
/* End PBXBuildFile section */

/* Begin PBXContainerItemProxy section */
		6384F6641B29F2B600A5CFFC /* PBXContainerItemProxy */ = {
			isa = PBXContainerItemProxy;
			containerPortal = 6384F6421B29F2B600A5CFFC /* Project object */;
			proxyType = 1;
			remoteGlobalIDString = 6384F6491B29F2B600A5CFFC;
			remoteInfo = AutoLayoutInCell;
		};
/* End PBXContainerItemProxy section */

/* Begin PBXFileReference section */
		6384F64A1B29F2B600A5CFFC /* AutoLayoutInCell.app */ = {isa = PBXFileReference; explicitFileType = wrapper.application; includeInIndex = 0; path = AutoLayoutInCell.app; sourceTree = BUILT_PRODUCTS_DIR; };
		6384F64E1B29F2B600A5CFFC /* Info.plist */ = {isa = PBXFileReference; lastKnownFileType = text.plist.xml; path = Info.plist; sourceTree = "<group>"; };
		6384F64F1B29F2B600A5CFFC /* main.m */ = {isa = PBXFileReference; lastKnownFileType = sourcecode.c.objc; path = main.m; sourceTree = "<group>"; };
		6384F6511B29F2B600A5CFFC /* AppDelegate.h */ = {isa = PBXFileReference; lastKnownFileType = sourcecode.c.h; path = AppDelegate.h; sourceTree = "<group>"; };
		6384F6521B29F2B600A5CFFC /* AppDelegate.m */ = {isa = PBXFileReference; lastKnownFileType = sourcecode.c.objc; path = AppDelegate.m; sourceTree = "<group>"; };
		6384F6541B29F2B600A5CFFC /* ViewController.h */ = {isa = PBXFileReference; lastKnownFileType = sourcecode.c.h; path = ViewController.h; sourceTree = "<group>"; };
		6384F6551B29F2B600A5CFFC /* ViewController.m */ = {isa = PBXFileReference; lastKnownFileType = sourcecode.c.objc; path = ViewController.m; sourceTree = "<group>"; };
		6384F6581B29F2B600A5CFFC /* Base */ = {isa = PBXFileReference; lastKnownFileType = file.storyboard; name = Base; path = Base.lproj/Main.storyboard; sourceTree = "<group>"; };
		6384F65A1B29F2B600A5CFFC /* Images.xcassets */ = {isa = PBXFileReference; lastKnownFileType = folder.assetcatalog; path = Images.xcassets; sourceTree = "<group>"; };
		6384F65D1B29F2B600A5CFFC /* Base */ = {isa = PBXFileReference; lastKnownFileType = file.xib; name = Base; path = Base.lproj/LaunchScreen.xib; sourceTree = "<group>"; };
		6384F6631B29F2B600A5CFFC /* AutoLayoutInCellTests.xctest */ = {isa = PBXFileReference; explicitFileType = wrapper.cfbundle; includeInIndex = 0; path = AutoLayoutInCellTests.xctest; sourceTree = BUILT_PRODUCTS_DIR; };
		6384F6681B29F2B600A5CFFC /* Info.plist */ = {isa = PBXFileReference; lastKnownFileType = text.plist.xml; path = Info.plist; sourceTree = "<group>"; };
		6384F6691B29F2B600A5CFFC /* AutoLayoutInCellTests.m */ = {isa = PBXFileReference; lastKnownFileType = sourcecode.c.objc; path = AutoLayoutInCellTests.m; sourceTree = "<group>"; };
		6384F6731B29F43F00A5CFFC /* TableViewCell.h */ = {isa = PBXFileReference; fileEncoding = 4; lastKnownFileType = sourcecode.c.h; path = TableViewCell.h; sourceTree = "<group>"; };
		6384F6741B29F43F00A5CFFC /* TableViewCell.m */ = {isa = PBXFileReference; fileEncoding = 4; lastKnownFileType = sourcecode.c.objc; path = TableViewCell.m; sourceTree = "<group>"; };
		6384F6761B29F4D600A5CFFC /* Model.h */ = {isa = PBXFileReference; fileEncoding = 4; lastKnownFileType = sourcecode.c.h; path = Model.h; sourceTree = "<group>"; };
		6384F6771B29F4D600A5CFFC /* Model.m */ = {isa = PBXFileReference; fileEncoding = 4; lastKnownFileType = sourcecode.c.objc; path = Model.m; sourceTree = "<group>"; };
/* End PBXFileReference section */

/* Begin PBXFrameworksBuildPhase section */
		6384F6471B29F2B600A5CFFC /* Frameworks */ = {
			isa = PBXFrameworksBuildPhase;
			buildActionMask = 2147483647;
			files = (
			);
			runOnlyForDeploymentPostprocessing = 0;
		};
		6384F6601B29F2B600A5CFFC /* Frameworks */ = {
			isa = PBXFrameworksBuildPhase;
			buildActionMask = 2147483647;
			files = (
			);
			runOnlyForDeploymentPostprocessing = 0;
		};
/* End PBXFrameworksBuildPhase section */

/* Begin PBXGroup section */
		6384F6411B29F2B600A5CFFC = {
			isa = PBXGroup;
			children = (
				6384F64C1B29F2B600A5CFFC /* AutoLayoutInCell */,
				6384F6661B29F2B600A5CFFC /* AutoLayoutInCellTests */,
				6384F64B1B29F2B600A5CFFC /* Products */,
			);
			sourceTree = "<group>";
		};
		6384F64B1B29F2B600A5CFFC /* Products */ = {
			isa = PBXGroup;
			children = (
				6384F64A1B29F2B600A5CFFC /* AutoLayoutInCell.app */,
				6384F6631B29F2B600A5CFFC /* AutoLayoutInCellTests.xctest */,
			);
			name = Products;
			sourceTree = "<group>";
		};
		6384F64C1B29F2B600A5CFFC /* AutoLayoutInCell */ = {
			isa = PBXGroup;
			children = (
				6384F6511B29F2B600A5CFFC /* AppDelegate.h */,
				6384F6521B29F2B600A5CFFC /* AppDelegate.m */,
				6384F6541B29F2B600A5CFFC /* ViewController.h */,
				6384F6551B29F2B600A5CFFC /* ViewController.m */,
				6384F6571B29F2B600A5CFFC /* Main.storyboard */,
				6384F65A1B29F2B600A5CFFC /* Images.xcassets */,
				6384F65C1B29F2B600A5CFFC /* LaunchScreen.xib */,
				6384F64D1B29F2B600A5CFFC /* Supporting Files */,
				6384F6731B29F43F00A5CFFC /* TableViewCell.h */,
				6384F6741B29F43F00A5CFFC /* TableViewCell.m */,
				6384F6761B29F4D600A5CFFC /* Model.h */,
				6384F6771B29F4D600A5CFFC /* Model.m */,
			);
			path = AutoLayoutInCell;
			sourceTree = "<group>";
		};
		6384F64D1B29F2B600A5CFFC /* Supporting Files */ = {
			isa = PBXGroup;
			children = (
				6384F64E1B29F2B600A5CFFC /* Info.plist */,
				6384F64F1B29F2B600A5CFFC /* main.m */,
			);
			name = "Supporting Files";
			sourceTree = "<group>";
		};
		6384F6661B29F2B600A5CFFC /* AutoLayoutInCellTests */ = {
			isa = PBXGroup;
			children = (
				6384F6691B29F2B600A5CFFC /* AutoLayoutInCellTests.m */,
				6384F6671B29F2B600A5CFFC /* Supporting Files */,
			);
			path = AutoLayoutInCellTests;
			sourceTree = "<group>";
		};
		6384F6671B29F2B600A5CFFC /* Supporting Files */ = {
			isa = PBXGroup;
			children = (
				6384F6681B29F2B600A5CFFC /* Info.plist */,
			);
			name = "Supporting Files";
			sourceTree = "<group>";
		};
/* End PBXGroup section */

/* Begin PBXNativeTarget section */
		6384F6491B29F2B600A5CFFC /* AutoLayoutInCell */ = {
			isa = PBXNativeTarget;
			buildConfigurationList = 6384F66D1B29F2B600A5CFFC /* Build configuration list for PBXNativeTarget "AutoLayoutInCell" */;
			buildPhases = (
				6384F6461B29F2B600A5CFFC /* Sources */,
				6384F6471B29F2B600A5CFFC /* Frameworks */,
				6384F6481B29F2B600A5CFFC /* Resources */,
			);
			buildRules = (
			);
			dependencies = (
			);
			name = AutoLayoutInCell;
			productName = AutoLayoutInCell;
			productReference = 6384F64A1B29F2B600A5CFFC /* AutoLayoutInCell.app */;
			productType = "com.apple.product-type.application";
		};
		6384F6621B29F2B600A5CFFC /* AutoLayoutInCellTests */ = {
			isa = PBXNativeTarget;
			buildConfigurationList = 6384F6701B29F2B600A5CFFC /* Build configuration list for PBXNativeTarget "AutoLayoutInCellTests" */;
			buildPhases = (
				6384F65F1B29F2B600A5CFFC /* Sources */,
				6384F6601B29F2B600A5CFFC /* Frameworks */,
				6384F6611B29F2B600A5CFFC /* Resources */,
			);
			buildRules = (
			);
			dependencies = (
				6384F6651B29F2B600A5CFFC /* PBXTargetDependency */,
			);
			name = AutoLayoutInCellTests;
			productName = AutoLayoutInCellTests;
			productReference = 6384F6631B29F2B600A5CFFC /* AutoLayoutInCellTests.xctest */;
			productType = "com.apple.product-type.bundle.unit-test";
		};
/* End PBXNativeTarget section */

/* Begin PBXProject section */
		6384F6421B29F2B600A5CFFC /* Project object */ = {
			isa = PBXProject;
			attributes = {
				LastUpgradeCheck = 0700;
				ORGANIZATIONNAME = "Alex Antonyuk";
				TargetAttributes = {
					6384F6491B29F2B600A5CFFC = {
						CreatedOnToolsVersion = 6.3.2;
					};
					6384F6621B29F2B600A5CFFC = {
						CreatedOnToolsVersion = 6.3.2;
						TestTargetID = 6384F6491B29F2B600A5CFFC;
					};
				};
			};
			buildConfigurationList = 6384F6451B29F2B600A5CFFC /* Build configuration list for PBXProject "AutoLayoutInCell" */;
			compatibilityVersion = "Xcode 3.2";
			developmentRegion = English;
			hasScannedForEncodings = 0;
			knownRegions = (
				en,
				Base,
			);
			mainGroup = 6384F6411B29F2B600A5CFFC;
			productRefGroup = 6384F64B1B29F2B600A5CFFC /* Products */;
			projectDirPath = "";
			projectRoot = "";
			targets = (
				6384F6491B29F2B600A5CFFC /* AutoLayoutInCell */,
				6384F6621B29F2B600A5CFFC /* AutoLayoutInCellTests */,
			);
		};
/* End PBXProject section */

/* Begin PBXResourcesBuildPhase section */
		6384F6481B29F2B600A5CFFC /* Resources */ = {
			isa = PBXResourcesBuildPhase;
			buildActionMask = 2147483647;
			files = (
				6384F6591B29F2B600A5CFFC /* Main.storyboard in Resources */,
				6384F65E1B29F2B600A5CFFC /* LaunchScreen.xib in Resources */,
				6384F65B1B29F2B600A5CFFC /* Images.xcassets in Resources */,
			);
			runOnlyForDeploymentPostprocessing = 0;
		};
		6384F6611B29F2B600A5CFFC /* Resources */ = {
			isa = PBXResourcesBuildPhase;
			buildActionMask = 2147483647;
			files = (
			);
			runOnlyForDeploymentPostprocessing = 0;
		};
/* End PBXResourcesBuildPhase section */

/* Begin PBXSourcesBuildPhase section */
		6384F6461B29F2B600A5CFFC /* Sources */ = {
			isa = PBXSourcesBuildPhase;
			buildActionMask = 2147483647;
			files = (
				6384F6561B29F2B600A5CFFC /* ViewController.m in Sources */,
				6384F6751B29F43F00A5CFFC /* TableViewCell.m in Sources */,
				6384F6531B29F2B600A5CFFC /* AppDelegate.m in Sources */,
				6384F6501B29F2B600A5CFFC /* main.m in Sources */,
				6384F6781B29F4D600A5CFFC /* Model.m in Sources */,
			);
			runOnlyForDeploymentPostprocessing = 0;
		};
		6384F65F1B29F2B600A5CFFC /* Sources */ = {
			isa = PBXSourcesBuildPhase;
			buildActionMask = 2147483647;
			files = (
				6384F66A1B29F2B600A5CFFC /* AutoLayoutInCellTests.m in Sources */,
			);
			runOnlyForDeploymentPostprocessing = 0;
		};
/* End PBXSourcesBuildPhase section */

/* Begin PBXTargetDependency section */
		6384F6651B29F2B600A5CFFC /* PBXTargetDependency */ = {
			isa = PBXTargetDependency;
			target = 6384F6491B29F2B600A5CFFC /* AutoLayoutInCell */;
			targetProxy = 6384F6641B29F2B600A5CFFC /* PBXContainerItemProxy */;
		};
/* End PBXTargetDependency section */

/* Begin PBXVariantGroup section */
		6384F6571B29F2B600A5CFFC /* Main.storyboard */ = {
			isa = PBXVariantGroup;
			children = (
				6384F6581B29F2B600A5CFFC /* Base */,
			);
			name = Main.storyboard;
			sourceTree = "<group>";
		};
		6384F65C1B29F2B600A5CFFC /* LaunchScreen.xib */ = {
			isa = PBXVariantGroup;
			children = (
				6384F65D1B29F2B600A5CFFC /* Base */,
			);
			name = LaunchScreen.xib;
			sourceTree = "<group>";
		};
/* End PBXVariantGroup section */

/* Begin XCBuildConfiguration section */
		6384F66B1B29F2B600A5CFFC /* Debug */ = {
			isa = XCBuildConfiguration;
			buildSettings = {
				ALWAYS_SEARCH_USER_PATHS = NO;
				CLANG_CXX_LANGUAGE_STANDARD = "gnu++0x";
				CLANG_CXX_LIBRARY = "libc++";
				CLANG_ENABLE_MODULES = YES;
				CLANG_ENABLE_OBJC_ARC = YES;
				CLANG_WARN_BOOL_CONVERSION = YES;
				CLANG_WARN_CONSTANT_CONVERSION = YES;
				CLANG_WARN_DIRECT_OBJC_ISA_USAGE = YES_ERROR;
				CLANG_WARN_EMPTY_BODY = YES;
				CLANG_WARN_ENUM_CONVERSION = YES;
				CLANG_WARN_INT_CONVERSION = YES;
				CLANG_WARN_OBJC_ROOT_CLASS = YES_ERROR;
				CLANG_WARN_UNREACHABLE_CODE = YES;
				CLANG_WARN__DUPLICATE_METHOD_MATCH = YES;
				"CODE_SIGN_IDENTITY[sdk=iphoneos*]" = "iPhone Developer";
				COPY_PHASE_STRIP = NO;
				DEBUG_INFORMATION_FORMAT = "dwarf-with-dsym";
				ENABLE_STRICT_OBJC_MSGSEND = YES;
				ENABLE_TESTABILITY = YES;
				GCC_C_LANGUAGE_STANDARD = gnu99;
				GCC_DYNAMIC_NO_PIC = NO;
				GCC_NO_COMMON_BLOCKS = YES;
				GCC_OPTIMIZATION_LEVEL = 0;
				GCC_PREPROCESSOR_DEFINITIONS = (
					"DEBUG=1",
					"$(inherited)",
				);
				GCC_SYMBOLS_PRIVATE_EXTERN = NO;
				GCC_WARN_64_TO_32_BIT_CONVERSION = YES;
				GCC_WARN_ABOUT_RETURN_TYPE = YES_ERROR;
				GCC_WARN_UNDECLARED_SELECTOR = YES;
				GCC_WARN_UNINITIALIZED_AUTOS = YES_AGGRESSIVE;
				GCC_WARN_UNUSED_FUNCTION = YES;
				GCC_WARN_UNUSED_VARIABLE = YES;
				IPHONEOS_DEPLOYMENT_TARGET = 8.3;
				MTL_ENABLE_DEBUG_INFO = YES;
				ONLY_ACTIVE_ARCH = YES;
				SDKROOT = iphoneos;
			};
			name = Debug;
		};
		6384F66C1B29F2B600A5CFFC /* Release */ = {
			isa = XCBuildConfiguration;
			buildSettings = {
				ALWAYS_SEARCH_USER_PATHS = NO;
				CLANG_CXX_LANGUAGE_STANDARD = "gnu++0x";
				CLANG_CXX_LIBRARY = "libc++";
				CLANG_ENABLE_MODULES = YES;
				CLANG_ENABLE_OBJC_ARC = YES;
				CLANG_WARN_BOOL_CONVERSION = YES;
				CLANG_WARN_CONSTANT_CONVERSION = YES;
				CLANG_WARN_DIRECT_OBJC_ISA_USAGE = YES_ERROR;
				CLANG_WARN_EMPTY_BODY = YES;
				CLANG_WARN_ENUM_CONVERSION = YES;
				CLANG_WARN_INT_CONVERSION = YES;
				CLANG_WARN_OBJC_ROOT_CLASS = YES_ERROR;
				CLANG_WARN_UNREACHABLE_CODE = YES;
				CLANG_WARN__DUPLICATE_METHOD_MATCH = YES;
				"CODE_SIGN_IDENTITY[sdk=iphoneos*]" = "iPhone Developer";
				COPY_PHASE_STRIP = NO;
				DEBUG_INFORMATION_FORMAT = "dwarf-with-dsym";
				ENABLE_NS_ASSERTIONS = NO;
				ENABLE_STRICT_OBJC_MSGSEND = YES;
				GCC_C_LANGUAGE_STANDARD = gnu99;
				GCC_NO_COMMON_BLOCKS = YES;
				GCC_WARN_64_TO_32_BIT_CONVERSION = YES;
				GCC_WARN_ABOUT_RETURN_TYPE = YES_ERROR;
				GCC_WARN_UNDECLARED_SELECTOR = YES;
				GCC_WARN_UNINITIALIZED_AUTOS = YES_AGGRESSIVE;
				GCC_WARN_UNUSED_FUNCTION = YES;
				GCC_WARN_UNUSED_VARIABLE = YES;
				IPHONEOS_DEPLOYMENT_TARGET = 8.3;
				MTL_ENABLE_DEBUG_INFO = NO;
				SDKROOT = iphoneos;
				VALIDATE_PRODUCT = YES;
			};
			name = Release;
		};
		6384F66E1B29F2B600A5CFFC /* Debug */ = {
			isa = XCBuildConfiguration;
			buildSettings = {
				ASSETCATALOG_COMPILER_APPICON_NAME = AppIcon;
				INFOPLIST_FILE = AutoLayoutInCell/Info.plist;
				LD_RUNPATH_SEARCH_PATHS = "$(inherited) @executable_path/Frameworks";
				PRODUCT_BUNDLE_IDENTIFIER = "me.antonyuk.$(PRODUCT_NAME:rfc1034identifier)";
				PRODUCT_NAME = "$(TARGET_NAME)";
			};
			name = Debug;
		};
		6384F66F1B29F2B600A5CFFC /* Release */ = {
			isa = XCBuildConfiguration;
			buildSettings = {
				ASSETCATALOG_COMPILER_APPICON_NAME = AppIcon;
				INFOPLIST_FILE = AutoLayoutInCell/Info.plist;
				LD_RUNPATH_SEARCH_PATHS = "$(inherited) @executable_path/Frameworks";
				PRODUCT_BUNDLE_IDENTIFIER = "me.antonyuk.$(PRODUCT_NAME:rfc1034identifier)";
				PRODUCT_NAME = "$(TARGET_NAME)";
			};
			name = Release;
		};
		6384F6711B29F2B600A5CFFC /* Debug */ = {
			isa = XCBuildConfiguration;
			buildSettings = {
				BUNDLE_LOADER = "$(TEST_HOST)";
				FRAMEWORK_SEARCH_PATHS = (
					"$(SDKROOT)/Developer/Library/Frameworks",
					"$(inherited)",
				);
				GCC_PREPROCESSOR_DEFINITIONS = (
					"DEBUG=1",
					"$(inherited)",
				);
				INFOPLIST_FILE = AutoLayoutInCellTests/Info.plist;
				LD_RUNPATH_SEARCH_PATHS = "$(inherited) @executable_path/Frameworks @loader_path/Frameworks";
				PRODUCT_BUNDLE_IDENTIFIER = "me.antonyuk.$(PRODUCT_NAME:rfc1034identifier)";
				PRODUCT_NAME = "$(TARGET_NAME)";
				TEST_HOST = "$(BUILT_PRODUCTS_DIR)/AutoLayoutInCell.app/AutoLayoutInCell";
			};
			name = Debug;
		};
		6384F6721B29F2B600A5CFFC /* Release */ = {
			isa = XCBuildConfiguration;
			buildSettings = {
				BUNDLE_LOADER = "$(TEST_HOST)";
				FRAMEWORK_SEARCH_PATHS = (
					"$(SDKROOT)/Developer/Library/Frameworks",
					"$(inherited)",
				);
				INFOPLIST_FILE = AutoLayoutInCellTests/Info.plist;
				LD_RUNPATH_SEARCH_PATHS = "$(inherited) @executable_path/Frameworks @loader_path/Frameworks";
				PRODUCT_BUNDLE_IDENTIFIER = "me.antonyuk.$(PRODUCT_NAME:rfc1034identifier)";
				PRODUCT_NAME = "$(TARGET_NAME)";
				TEST_HOST = "$(BUILT_PRODUCTS_DIR)/AutoLayoutInCell.app/AutoLayoutInCell";
			};
			name = Release;
		};
/* End XCBuildConfiguration section */

/* Begin XCConfigurationList section */
		6384F6451B29F2B600A5CFFC /* Build configuration list for PBXProject "AutoLayoutInCell" */ = {
			isa = XCConfigurationList;
			buildConfigurations = (
				6384F66B1B29F2B600A5CFFC /* Debug */,
				6384F66C1B29F2B600A5CFFC /* Release */,
			);
			defaultConfigurationIsVisible = 0;
			defaultConfigurationName = Release;
		};
		6384F66D1B29F2B600A5CFFC /* Build configuration list for PBXNativeTarget "AutoLayoutInCell" */ = {
			isa = XCConfigurationList;
			buildConfigurations = (
				6384F66E1B29F2B600A5CFFC /* Debug */,
				6384F66F1B29F2B600A5CFFC /* Release */,
			);
			defaultConfigurationIsVisible = 0;
			defaultConfigurationName = Release;
		};
		6384F6701B29F2B600A5CFFC /* Build configuration list for PBXNativeTarget "AutoLayoutInCellTests" */ = {
			isa = XCConfigurationList;
			buildConfigurations = (
				6384F6711B29F2B600A5CFFC /* Debug */,
				6384F6721B29F2B600A5CFFC /* Release */,
			);
			defaultConfigurationIsVisible = 0;
			defaultConfigurationName = Release;
		};
/* End XCConfigurationList section */
	};
	rootObject = 6384F6421B29F2B600A5CFFC /* Project object */;
}
